
Microsoft Visual Studio Solution File, Format Version 12.00
# Visual Studio Version 17
VisualStudioVersion = 17.3.32929.385
MinimumVisualStudioVersion = 10.0.40219.1
Project("{FAE04EC0-301F-11D3-BF4B-00C04F79EFBC}") = "task2Csharp", "task2Csharp\task2Csharp.csproj", "{2533F1F7-852C-4D43-8C4F-52A27F3A2ECF}"
EndProject
Global
	GlobalSection(SolutionConfigurationPlatforms) = preSolution
		Debug|Any CPU = Debug|Any CPU
		Release|Any CPU = Release|Any CPU
	EndGlobalSection
	GlobalSection(ProjectConfigurationPlatforms) = postSolution
		{2533F1F7-852C-4D43-8C4F-52A27F3A2ECF}.Debug|Any CPU.ActiveCfg = Debug|Any CPU
		{2533F1F7-852C-4D43-8C4F-52A27F3A2ECF}.Debug|Any CPU.Build.0 = Debug|Any CPU
		{2533F1F7-852C-4D43-8C4F-52A27F3A2ECF}.Release|Any CPU.ActiveCfg = Release|Any CPU
		{2533F1F7-852C-4D43-8C4F-52A27F3A2ECF}.Release|Any CPU.Build.0 = Release|Any CPU
	EndGlobalSection
	GlobalSection(SolutionProperties) = preSolution
		HideSolutionNode = FALSE
	EndGlobalSection
	GlobalSection(ExtensibilityGlobals) = postSolution
		SolutionGuid = {1A9EA85B-A85D-43F0-BB67-FD6215ED35D9}
	EndGlobalSection
EndGlobal
